
Microsoft Visual Studio Solution File, Format Version 12.00
# Visual Studio Version 16
VisualStudioVersion = 16.0.29326.143
MinimumVisualStudioVersion = 10.0.40219.1
Project("{FAE04EC0-301F-11D3-BF4B-00C04F79EFBC}") = "CrearWord1", "CrearWord1\CrearWord1.csproj", "{615CCD3B-DF1B-41A1-AEC0-092B5D93A3CD}"
EndProject
Global
	GlobalSection(SolutionConfigurationPlatforms) = preSolution
		Debug|Any CPU = Debug|Any CPU
		Release|Any CPU = Release|Any CPU
	EndGlobalSection
	GlobalSection(ProjectConfigurationPlatforms) = postSolution
		{615CCD3B-DF1B-41A1-AEC0-092B5D93A3CD}.Debug|Any CPU.ActiveCfg = Debug|Any CPU
		{615CCD3B-DF1B-41A1-AEC0-092B5D93A3CD}.Debug|Any CPU.Build.0 = Debug|Any CPU
		{615CCD3B-DF1B-41A1-AEC0-092B5D93A3CD}.Release|Any CPU.ActiveCfg = Release|Any CPU
		{615CCD3B-DF1B-41A1-AEC0-092B5D93A3CD}.Release|Any CPU.Build.0 = Release|Any CPU
	EndGlobalSection
	GlobalSection(SolutionProperties) = preSolution
		HideSolutionNode = FALSE
	EndGlobalSection
	GlobalSection(ExtensibilityGlobals) = postSolution
		SolutionGuid = {650D1E23-8942-4FED-840F-EC2429D42E14}
	EndGlobalSection
EndGlobal
