
Microsoft Visual Studio Solution File, Format Version 12.00
# Visual Studio Version 16
VisualStudioVersion = 16.0.29326.143
MinimumVisualStudioVersion = 10.0.40219.1
Project("{FAE04EC0-301F-11D3-BF4B-00C04F79EFBC}") = "SIGEDOC", "SIGEDOC\SIGEDOC.csproj", "{1F727766-D124-4596-B5FA-544DA0FE22F0}"
EndProject
Project("{FAE04EC0-301F-11D3-BF4B-00C04F79EFBC}") = "SIGEDOC.Negocio", "SIGEDOC.Negocio\SIGEDOC.Negocio.csproj", "{3A26F257-9F04-4D82-8037-5D03B0DEA221}"
EndProject
Project("{FAE04EC0-301F-11D3-BF4B-00C04F79EFBC}") = "SIGEDOC.Datos", "SIGEDOC.Datos\SIGEDOC.Datos.csproj", "{65AFCC50-FAE4-41C0-88DD-6E607EB0BD8A}"
EndProject
Global
	GlobalSection(SolutionConfigurationPlatforms) = preSolution
		Debug|Any CPU = Debug|Any CPU
		Release|Any CPU = Release|Any CPU
	EndGlobalSection
	GlobalSection(ProjectConfigurationPlatforms) = postSolution
		{1F727766-D124-4596-B5FA-544DA0FE22F0}.Debug|Any CPU.ActiveCfg = Debug|Any CPU
		{1F727766-D124-4596-B5FA-544DA0FE22F0}.Debug|Any CPU.Build.0 = Debug|Any CPU
		{1F727766-D124-4596-B5FA-544DA0FE22F0}.Release|Any CPU.ActiveCfg = Release|Any CPU
		{1F727766-D124-4596-B5FA-544DA0FE22F0}.Release|Any CPU.Build.0 = Release|Any CPU
		{3A26F257-9F04-4D82-8037-5D03B0DEA221}.Debug|Any CPU.ActiveCfg = Debug|Any CPU
		{3A26F257-9F04-4D82-8037-5D03B0DEA221}.Debug|Any CPU.Build.0 = Debug|Any CPU
		{3A26F257-9F04-4D82-8037-5D03B0DEA221}.Release|Any CPU.ActiveCfg = Release|Any CPU
		{3A26F257-9F04-4D82-8037-5D03B0DEA221}.Release|Any CPU.Build.0 = Release|Any CPU
		{65AFCC50-FAE4-41C0-88DD-6E607EB0BD8A}.Debug|Any CPU.ActiveCfg = Debug|Any CPU
		{65AFCC50-FAE4-41C0-88DD-6E607EB0BD8A}.Debug|Any CPU.Build.0 = Debug|Any CPU
		{65AFCC50-FAE4-41C0-88DD-6E607EB0BD8A}.Release|Any CPU.ActiveCfg = Release|Any CPU
		{65AFCC50-FAE4-41C0-88DD-6E607EB0BD8A}.Release|Any CPU.Build.0 = Release|Any CPU
	EndGlobalSection
	GlobalSection(SolutionProperties) = preSolution
		HideSolutionNode = FALSE
	EndGlobalSection
	GlobalSection(ExtensibilityGlobals) = postSolution
		SolutionGuid = {80CB3DFA-2771-475B-98A8-A2F20C905042}
	EndGlobalSection
EndGlobal
